
Microsoft Visual Studio Solution File, Format Version 12.00
Project("{FAE04EC0-301F-11D3-BF4B-00C04F79EFBC}") = "MediaUnzipTool", "MediaUnzipTool.csproj", "{80FC87A7-FB68-4336-B147-B6880E12305D}"
EndProject
Global
	GlobalSection(SolutionConfigurationPlatforms) = preSolution
		Debug|Any CPU = Debug|Any CPU
		Release|Any CPU = Release|Any CPU
	EndGlobalSection
	GlobalSection(ProjectConfigurationPlatforms) = postSolution
		{80FC87A7-FB68-4336-B147-B6880E12305D}.Debug|Any CPU.ActiveCfg = Debug|Any CPU
		{80FC87A7-FB68-4336-B147-B6880E12305D}.Debug|Any CPU.Build.0 = Debug|Any CPU
		{80FC87A7-FB68-4336-B147-B6880E12305D}.Release|Any CPU.ActiveCfg = Release|Any CPU
		{80FC87A7-FB68-4336-B147-B6880E12305D}.Release|Any CPU.Build.0 = Release|Any CPU
	EndGlobalSection
EndGlobal
